
Microsoft Visual Studio Solution File, Format Version 12.00
# Visual Studio Version 17
VisualStudioVersion = 17.11.35431.28
MinimumVisualStudioVersion = 10.0.40219.1
Project("{FAE04EC0-301F-11D3-BF4B-00C04F79EFBC}") = "Day1", "Day1\Day1.csproj", "{99D115B5-DD43-4AAD-A554-1D9D7FC38A4B}"
EndProject
Global
	GlobalSection(SolutionConfigurationPlatforms) = preSolution
		Debug|Any CPU = Debug|Any CPU
		Release|Any CPU = Release|Any CPU
	EndGlobalSection
	GlobalSection(ProjectConfigurationPlatforms) = postSolution
		{99D115B5-DD43-4AAD-A554-1D9D7FC38A4B}.Debug|Any CPU.ActiveCfg = Debug|Any CPU
		{99D115B5-DD43-4AAD-A554-1D9D7FC38A4B}.Debug|Any CPU.Build.0 = Debug|Any CPU
		{99D115B5-DD43-4AAD-A554-1D9D7FC38A4B}.Release|Any CPU.ActiveCfg = Release|Any CPU
		{99D115B5-DD43-4AAD-A554-1D9D7FC38A4B}.Release|Any CPU.Build.0 = Release|Any CPU
	EndGlobalSection
	GlobalSection(SolutionProperties) = preSolution
		HideSolutionNode = FALSE
	EndGlobalSection
	GlobalSection(ExtensibilityGlobals) = postSolution
		SolutionGuid = {66497C9B-2C94-49CA-8853-533B5C62FED3}
	EndGlobalSection
EndGlobal
